
Microsoft Visual Studio Solution File, Format Version 12.00
# Visual Studio 15
VisualStudioVersion = 15.0.27004.2009
MinimumVisualStudioVersion = 10.0.40219.1
Project("{FAE04EC0-301F-11D3-BF4B-00C04F79EFBC}") = "day3", "day3\day3.csproj", "{D73F63FD-CA66-4C1A-8691-F43CF9E8DCA1}"
EndProject
Global
	GlobalSection(SolutionConfigurationPlatforms) = preSolution
		Debug|Any CPU = Debug|Any CPU
		Release|Any CPU = Release|Any CPU
	EndGlobalSection
	GlobalSection(ProjectConfigurationPlatforms) = postSolution
		{D73F63FD-CA66-4C1A-8691-F43CF9E8DCA1}.Debug|Any CPU.ActiveCfg = Debug|Any CPU
		{D73F63FD-CA66-4C1A-8691-F43CF9E8DCA1}.Debug|Any CPU.Build.0 = Debug|Any CPU
		{D73F63FD-CA66-4C1A-8691-F43CF9E8DCA1}.Release|Any CPU.ActiveCfg = Release|Any CPU
		{D73F63FD-CA66-4C1A-8691-F43CF9E8DCA1}.Release|Any CPU.Build.0 = Release|Any CPU
	EndGlobalSection
	GlobalSection(SolutionProperties) = preSolution
		HideSolutionNode = FALSE
	EndGlobalSection
	GlobalSection(ExtensibilityGlobals) = postSolution
		SolutionGuid = {33EDE384-DADB-4B38-B946-577A295DFD2D}
	EndGlobalSection
EndGlobal
